
Microsoft Visual Studio Solution File, Format Version 12.00
# Visual Studio Version 17
VisualStudioVersion = 17.14.36811.4 d17.14
MinimumVisualStudioVersion = 10.0.40219.1
Project("{FAE04EC0-301F-11D3-BF4B-00C04F79EFBC}") = "CoreProjectForPipeline", "CoreProjectForPipeline\CoreProjectForPipeline.csproj", "{93630B9E-F980-47E6-AC0A-929EA71FC80C}"
EndProject
Global
	GlobalSection(SolutionConfigurationPlatforms) = preSolution
		Debug|Any CPU = Debug|Any CPU
		Release|Any CPU = Release|Any CPU
	EndGlobalSection
	GlobalSection(ProjectConfigurationPlatforms) = postSolution
		{93630B9E-F980-47E6-AC0A-929EA71FC80C}.Debug|Any CPU.ActiveCfg = Debug|Any CPU
		{93630B9E-F980-47E6-AC0A-929EA71FC80C}.Debug|Any CPU.Build.0 = Debug|Any CPU
		{93630B9E-F980-47E6-AC0A-929EA71FC80C}.Release|Any CPU.ActiveCfg = Release|Any CPU
		{93630B9E-F980-47E6-AC0A-929EA71FC80C}.Release|Any CPU.Build.0 = Release|Any CPU
	EndGlobalSection
	GlobalSection(SolutionProperties) = preSolution
		HideSolutionNode = FALSE
	EndGlobalSection
	GlobalSection(ExtensibilityGlobals) = postSolution
		SolutionGuid = {0908C899-6E26-4716-9843-AFDFD08D4CA7}
	EndGlobalSection
EndGlobal
